
Microsoft Visual Studio Solution File, Format Version 12.00
# Visual Studio 15
Project("{FAE04EC0-301F-11D3-BF4B-00C04F79EFBC}") = "SocialQ.Android", "src\SocialQ.Android\SocialQ.Android.csproj", "{E66E79A8-876E-4AAB-A332-F15422F3388C}"
EndProject
Project("{FAE04EC0-301F-11D3-BF4B-00C04F79EFBC}") = "SocialQ.iOS", "src\SocialQ.iOS\SocialQ.iOS.csproj", "{5908EFE2-8AFB-43A3-A0CB-1E397E94B5DD}"
EndProject
Project("{FAE04EC0-301F-11D3-BF4B-00C04F79EFBC}") = "SocialQ.Forms", "src\SocialQ.Forms\SocialQ.Forms.csproj", "{377248CF-4643-47C7-9E72-EA20C540E842}"
EndProject
Project("{2150E333-8FDC-42A3-9474-1A3956D46DE8}") = ".solution", ".solution", "{FA2E2DCD-B65A-4EA1-A927-8A5E61B4B190}"
ProjectSection(SolutionItems) = preProject
	.gitignore = .gitignore
	LICENSE = LICENSE
	README.md = README.md
	.editorconfig = .editorconfig
	analyzers.ruleset = analyzers.ruleset
	stylecop.json = stylecop.json
	.github\workflows\build.yml = .github\workflows\build.yml
EndProjectSection
EndProject
Project("{2150E333-8FDC-42A3-9474-1A3956D46DE8}") = "src", "src", "{19F8436E-0A56-40CA-B404-24C1C204FD36}"
EndProject
Project("{2150E333-8FDC-42A3-9474-1A3956D46DE8}") = "targets", "targets", "{29751890-F4D0-45A7-B0AD-E36F07043962}"
EndProject
Project("{FAE04EC0-301F-11D3-BF4B-00C04F79EFBC}") = "SocialQ", "src\SocialQ\SocialQ.csproj", "{7EA1747C-A435-4876-B816-A179050D843B}"
EndProject
Project("{2150E333-8FDC-42A3-9474-1A3956D46DE8}") = "test", "test", "{122A6898-FF4F-4DD3-A240-755E1D39FBBE}"
EndProject
Project("{FAE04EC0-301F-11D3-BF4B-00C04F79EFBC}") = "SocialQ.UnitTests", "src\SocialQ.UnitTests\SocialQ.UnitTests.csproj", "{C91CAF29-A508-4391-BD69-097CCA98D2B0}"
EndProject
Project("{2150E333-8FDC-42A3-9474-1A3956D46DE8}") = "functions", "functions", "{6F03B842-DCE3-43EC-8F26-0055042AC9DF}"
EndProject
Project("{FAE04EC0-301F-11D3-BF4B-00C04F79EFBC}") = "SocialQ.Functions", "src\SocialQ.Functions\SocialQ.Functions.csproj", "{7BF9889C-898B-4D03-A300-59F66816A9CE}"
EndProject
Project("{FAE04EC0-301F-11D3-BF4B-00C04F79EFBC}") = "SocialQ.Mocks", "src\SocialQ.Mocks\SocialQ.Mocks.csproj", "{31C749E6-89D5-4328-AF74-BFD0DF175F38}"
EndProject
Project("{FAE04EC0-301F-11D3-BF4B-00C04F79EFBC}") = "SocialQ.Avalonia", "src\SocialQ.Avalonia\SocialQ.Avalonia.csproj", "{418C6D78-B5B5-414E-B19E-2130A066096B}"
EndProject
Project("{FAE04EC0-301F-11D3-BF4B-00C04F79EFBC}") = "SocialQ.Resources", "src\SocialQ.Resources\SocialQ.Resources.csproj", "{18B1D6B9-AEBC-4169-9E1A-F34A18981B13}"
EndProject
Global
	GlobalSection(SolutionConfigurationPlatforms) = preSolution
		Debug|Any CPU = Debug|Any CPU
		Release|Any CPU = Release|Any CPU
		Debug|iPhoneSimulator = Debug|iPhoneSimulator
		Release|iPhoneSimulator = Release|iPhoneSimulator
		Debug|iPhone = Debug|iPhone
		Release|iPhone = Release|iPhone
	EndGlobalSection
	GlobalSection(ProjectConfigurationPlatforms) = postSolution
		{E66E79A8-876E-4AAB-A332-F15422F3388C}.Debug|Any CPU.ActiveCfg = Debug|Any CPU
		{E66E79A8-876E-4AAB-A332-F15422F3388C}.Debug|Any CPU.Build.0 = Debug|Any CPU
		{E66E79A8-876E-4AAB-A332-F15422F3388C}.Release|Any CPU.ActiveCfg = Release|Any CPU
		{E66E79A8-876E-4AAB-A332-F15422F3388C}.Release|Any CPU.Build.0 = Release|Any CPU
		{E66E79A8-876E-4AAB-A332-F15422F3388C}.Debug|iPhoneSimulator.ActiveCfg = Debug|Any CPU
		{E66E79A8-876E-4AAB-A332-F15422F3388C}.Debug|iPhoneSimulator.Build.0 = Debug|Any CPU
		{E66E79A8-876E-4AAB-A332-F15422F3388C}.Release|iPhoneSimulator.ActiveCfg = Release|Any CPU
		{E66E79A8-876E-4AAB-A332-F15422F3388C}.Release|iPhoneSimulator.Build.0 = Release|Any CPU
		{E66E79A8-876E-4AAB-A332-F15422F3388C}.Debug|iPhone.ActiveCfg = Debug|Any CPU
		{E66E79A8-876E-4AAB-A332-F15422F3388C}.Debug|iPhone.Build.0 = Debug|Any CPU
		{E66E79A8-876E-4AAB-A332-F15422F3388C}.Release|iPhone.ActiveCfg = Release|Any CPU
		{E66E79A8-876E-4AAB-A332-F15422F3388C}.Release|iPhone.Build.0 = Release|Any CPU
		{5908EFE2-8AFB-43A3-A0CB-1E397E94B5DD}.Debug|Any CPU.ActiveCfg = Debug|iPhoneSimulator
		{5908EFE2-8AFB-43A3-A0CB-1E397E94B5DD}.Debug|Any CPU.Build.0 = Debug|iPhoneSimulator
		{5908EFE2-8AFB-43A3-A0CB-1E397E94B5DD}.Release|Any CPU.ActiveCfg = Release|iPhoneSimulator
		{5908EFE2-8AFB-43A3-A0CB-1E397E94B5DD}.Release|Any CPU.Build.0 = Release|iPhoneSimulator
		{5908EFE2-8AFB-43A3-A0CB-1E397E94B5DD}.Debug|iPhoneSimulator.ActiveCfg = Debug|iPhoneSimulator
		{5908EFE2-8AFB-43A3-A0CB-1E397E94B5DD}.Debug|iPhoneSimulator.Build.0 = Debug|iPhoneSimulator
		{5908EFE2-8AFB-43A3-A0CB-1E397E94B5DD}.Release|iPhoneSimulator.ActiveCfg = Release|iPhoneSimulator
		{5908EFE2-8AFB-43A3-A0CB-1E397E94B5DD}.Release|iPhoneSimulator.Build.0 = Release|iPhoneSimulator
		{5908EFE2-8AFB-43A3-A0CB-1E397E94B5DD}.Debug|iPhone.ActiveCfg = Debug|iPhone
		{5908EFE2-8AFB-43A3-A0CB-1E397E94B5DD}.Debug|iPhone.Build.0 = Debug|iPhone
		{5908EFE2-8AFB-43A3-A0CB-1E397E94B5DD}.Release|iPhone.ActiveCfg = Release|iPhone
		{5908EFE2-8AFB-43A3-A0CB-1E397E94B5DD}.Release|iPhone.Build.0 = Release|iPhone
		{377248CF-4643-47C7-9E72-EA20C540E842}.Debug|Any CPU.ActiveCfg = Debug|Any CPU
		{377248CF-4643-47C7-9E72-EA20C540E842}.Debug|Any CPU.Build.0 = Debug|Any CPU
		{377248CF-4643-47C7-9E72-EA20C540E842}.Release|Any CPU.ActiveCfg = Release|Any CPU
		{377248CF-4643-47C7-9E72-EA20C540E842}.Release|Any CPU.Build.0 = Release|Any CPU
		{377248CF-4643-47C7-9E72-EA20C540E842}.Debug|iPhoneSimulator.ActiveCfg = Debug|Any CPU
		{377248CF-4643-47C7-9E72-EA20C540E842}.Debug|iPhoneSimulator.Build.0 = Debug|Any CPU
		{377248CF-4643-47C7-9E72-EA20C540E842}.Release|iPhoneSimulator.ActiveCfg = Release|Any CPU
		{377248CF-4643-47C7-9E72-EA20C540E842}.Release|iPhoneSimulator.Build.0 = Release|Any CPU
		{377248CF-4643-47C7-9E72-EA20C540E842}.Debug|iPhone.ActiveCfg = Debug|Any CPU
		{377248CF-4643-47C7-9E72-EA20C540E842}.Debug|iPhone.Build.0 = Debug|Any CPU
		{377248CF-4643-47C7-9E72-EA20C540E842}.Release|iPhone.ActiveCfg = Release|Any CPU
		{377248CF-4643-47C7-9E72-EA20C540E842}.Release|iPhone.Build.0 = Release|Any CPU
		{7EA1747C-A435-4876-B816-A179050D843B}.Debug|Any CPU.ActiveCfg = Debug|Any CPU
		{7EA1747C-A435-4876-B816-A179050D843B}.Debug|Any CPU.Build.0 = Debug|Any CPU
		{7EA1747C-A435-4876-B816-A179050D843B}.Release|Any CPU.ActiveCfg = Release|Any CPU
		{7EA1747C-A435-4876-B816-A179050D843B}.Release|Any CPU.Build.0 = Release|Any CPU
		{7EA1747C-A435-4876-B816-A179050D843B}.Debug|iPhoneSimulator.ActiveCfg = Debug|Any CPU
		{7EA1747C-A435-4876-B816-A179050D843B}.Debug|iPhoneSimulator.Build.0 = Debug|Any CPU
		{7EA1747C-A435-4876-B816-A179050D843B}.Release|iPhoneSimulator.ActiveCfg = Release|Any CPU
		{7EA1747C-A435-4876-B816-A179050D843B}.Release|iPhoneSimulator.Build.0 = Release|Any CPU
		{7EA1747C-A435-4876-B816-A179050D843B}.Debug|iPhone.ActiveCfg = Debug|Any CPU
		{7EA1747C-A435-4876-B816-A179050D843B}.Debug|iPhone.Build.0 = Debug|Any CPU
		{7EA1747C-A435-4876-B816-A179050D843B}.Release|iPhone.ActiveCfg = Release|Any CPU
		{7EA1747C-A435-4876-B816-A179050D843B}.Release|iPhone.Build.0 = Release|Any CPU
		{C91CAF29-A508-4391-BD69-097CCA98D2B0}.Debug|Any CPU.ActiveCfg = Debug|Any CPU
		{C91CAF29-A508-4391-BD69-097CCA98D2B0}.Debug|Any CPU.Build.0 = Debug|Any CPU
		{C91CAF29-A508-4391-BD69-097CCA98D2B0}.Release|Any CPU.ActiveCfg = Release|Any CPU
		{C91CAF29-A508-4391-BD69-097CCA98D2B0}.Release|Any CPU.Build.0 = Release|Any CPU
		{C91CAF29-A508-4391-BD69-097CCA98D2B0}.Debug|iPhoneSimulator.ActiveCfg = Debug|Any CPU
		{C91CAF29-A508-4391-BD69-097CCA98D2B0}.Debug|iPhoneSimulator.Build.0 = Debug|Any CPU
		{C91CAF29-A508-4391-BD69-097CCA98D2B0}.Release|iPhoneSimulator.ActiveCfg = Release|Any CPU
		{C91CAF29-A508-4391-BD69-097CCA98D2B0}.Release|iPhoneSimulator.Build.0 = Release|Any CPU
		{C91CAF29-A508-4391-BD69-097CCA98D2B0}.Debug|iPhone.ActiveCfg = Debug|Any CPU
		{C91CAF29-A508-4391-BD69-097CCA98D2B0}.Debug|iPhone.Build.0 = Debug|Any CPU
		{C91CAF29-A508-4391-BD69-097CCA98D2B0}.Release|iPhone.ActiveCfg = Release|Any CPU
		{C91CAF29-A508-4391-BD69-097CCA98D2B0}.Release|iPhone.Build.0 = Release|Any CPU
		{7BF9889C-898B-4D03-A300-59F66816A9CE}.Debug|Any CPU.ActiveCfg = Debug|Any CPU
		{7BF9889C-898B-4D03-A300-59F66816A9CE}.Debug|Any CPU.Build.0 = Debug|Any CPU
		{7BF9889C-898B-4D03-A300-59F66816A9CE}.Release|Any CPU.ActiveCfg = Release|Any CPU
		{7BF9889C-898B-4D03-A300-59F66816A9CE}.Release|Any CPU.Build.0 = Release|Any CPU
		{7BF9889C-898B-4D03-A300-59F66816A9CE}.Debug|iPhoneSimulator.ActiveCfg = Debug|Any CPU
		{7BF9889C-898B-4D03-A300-59F66816A9CE}.Debug|iPhoneSimulator.Build.0 = Debug|Any CPU
		{7BF9889C-898B-4D03-A300-59F66816A9CE}.Release|iPhoneSimulator.ActiveCfg = Release|Any CPU
		{7BF9889C-898B-4D03-A300-59F66816A9CE}.Release|iPhoneSimulator.Build.0 = Release|Any CPU
		{7BF9889C-898B-4D03-A300-59F66816A9CE}.Debug|iPhone.ActiveCfg = Debug|Any CPU
		{7BF9889C-898B-4D03-A300-59F66816A9CE}.Debug|iPhone.Build.0 = Debug|Any CPU
		{7BF9889C-898B-4D03-A300-59F66816A9CE}.Release|iPhone.ActiveCfg = Release|Any CPU
		{7BF9889C-898B-4D03-A300-59F66816A9CE}.Release|iPhone.Build.0 = Release|Any CPU
		{31C749E6-89D5-4328-AF74-BFD0DF175F38}.Debug|Any CPU.ActiveCfg = Debug|Any CPU
		{31C749E6-89D5-4328-AF74-BFD0DF175F38}.Debug|Any CPU.Build.0 = Debug|Any CPU
		{31C749E6-89D5-4328-AF74-BFD0DF175F38}.Release|Any CPU.ActiveCfg = Release|Any CPU
		{31C749E6-89D5-4328-AF74-BFD0DF175F38}.Release|Any CPU.Build.0 = Release|Any CPU
		{31C749E6-89D5-4328-AF74-BFD0DF175F38}.Debug|iPhoneSimulator.ActiveCfg = Debug|Any CPU
		{31C749E6-89D5-4328-AF74-BFD0DF175F38}.Debug|iPhoneSimulator.Build.0 = Debug|Any CPU
		{31C749E6-89D5-4328-AF74-BFD0DF175F38}.Release|iPhoneSimulator.ActiveCfg = Release|Any CPU
		{31C749E6-89D5-4328-AF74-BFD0DF175F38}.Release|iPhoneSimulator.Build.0 = Release|Any CPU
		{31C749E6-89D5-4328-AF74-BFD0DF175F38}.Debug|iPhone.ActiveCfg = Debug|Any CPU
		{31C749E6-89D5-4328-AF74-BFD0DF175F38}.Debug|iPhone.Build.0 = Debug|Any CPU
		{31C749E6-89D5-4328-AF74-BFD0DF175F38}.Release|iPhone.ActiveCfg = Release|Any CPU
		{31C749E6-89D5-4328-AF74-BFD0DF175F38}.Release|iPhone.Build.0 = Release|Any CPU
		{418C6D78-B5B5-414E-B19E-2130A066096B}.Debug|Any CPU.ActiveCfg = Debug|Any CPU
		{418C6D78-B5B5-414E-B19E-2130A066096B}.Debug|Any CPU.Build.0 = Debug|Any CPU
		{418C6D78-B5B5-414E-B19E-2130A066096B}.Release|Any CPU.ActiveCfg = Release|Any CPU
		{418C6D78-B5B5-414E-B19E-2130A066096B}.Release|Any CPU.Build.0 = Release|Any CPU
		{418C6D78-B5B5-414E-B19E-2130A066096B}.Debug|iPhoneSimulator.ActiveCfg = Debug|Any CPU
		{418C6D78-B5B5-414E-B19E-2130A066096B}.Debug|iPhoneSimulator.Build.0 = Debug|Any CPU
		{418C6D78-B5B5-414E-B19E-2130A066096B}.Release|iPhoneSimulator.ActiveCfg = Release|Any CPU
		{418C6D78-B5B5-414E-B19E-2130A066096B}.Release|iPhoneSimulator.Build.0 = Release|Any CPU
		{418C6D78-B5B5-414E-B19E-2130A066096B}.Debug|iPhone.ActiveCfg = Debug|Any CPU
		{418C6D78-B5B5-414E-B19E-2130A066096B}.Debug|iPhone.Build.0 = Debug|Any CPU
		{418C6D78-B5B5-414E-B19E-2130A066096B}.Release|iPhone.ActiveCfg = Release|Any CPU
		{418C6D78-B5B5-414E-B19E-2130A066096B}.Release|iPhone.Build.0 = Release|Any CPU
		{18B1D6B9-AEBC-4169-9E1A-F34A18981B13}.Debug|Any CPU.ActiveCfg = Debug|Any CPU
		{18B1D6B9-AEBC-4169-9E1A-F34A18981B13}.Debug|Any CPU.Build.0 = Debug|Any CPU
		{18B1D6B9-AEBC-4169-9E1A-F34A18981B13}.Release|Any CPU.ActiveCfg = Release|Any CPU
		{18B1D6B9-AEBC-4169-9E1A-F34A18981B13}.Release|Any CPU.Build.0 = Release|Any CPU
		{18B1D6B9-AEBC-4169-9E1A-F34A18981B13}.Debug|iPhoneSimulator.ActiveCfg = Debug|Any CPU
		{18B1D6B9-AEBC-4169-9E1A-F34A18981B13}.Debug|iPhoneSimulator.Build.0 = Debug|Any CPU
		{18B1D6B9-AEBC-4169-9E1A-F34A18981B13}.Release|iPhoneSimulator.ActiveCfg = Release|Any CPU
		{18B1D6B9-AEBC-4169-9E1A-F34A18981B13}.Release|iPhoneSimulator.Build.0 = Release|Any CPU
		{18B1D6B9-AEBC-4169-9E1A-F34A18981B13}.Debug|iPhone.ActiveCfg = Debug|Any CPU
		{18B1D6B9-AEBC-4169-9E1A-F34A18981B13}.Debug|iPhone.Build.0 = Debug|Any CPU
		{18B1D6B9-AEBC-4169-9E1A-F34A18981B13}.Release|iPhone.ActiveCfg = Release|Any CPU
		{18B1D6B9-AEBC-4169-9E1A-F34A18981B13}.Release|iPhone.Build.0 = Release|Any CPU
	EndGlobalSection
	GlobalSection(NestedProjects) = preSolution
		{E66E79A8-876E-4AAB-A332-F15422F3388C} = {29751890-F4D0-45A7-B0AD-E36F07043962}
		{5908EFE2-8AFB-43A3-A0CB-1E397E94B5DD} = {29751890-F4D0-45A7-B0AD-E36F07043962}
		{377248CF-4643-47C7-9E72-EA20C540E842} = {19F8436E-0A56-40CA-B404-24C1C204FD36}
		{7EA1747C-A435-4876-B816-A179050D843B} = {19F8436E-0A56-40CA-B404-24C1C204FD36}
		{C91CAF29-A508-4391-BD69-097CCA98D2B0} = {122A6898-FF4F-4DD3-A240-755E1D39FBBE}
		{7BF9889C-898B-4D03-A300-59F66816A9CE} = {6F03B842-DCE3-43EC-8F26-0055042AC9DF}
		{31C749E6-89D5-4328-AF74-BFD0DF175F38} = {19F8436E-0A56-40CA-B404-24C1C204FD36}
		{418C6D78-B5B5-414E-B19E-2130A066096B} = {29751890-F4D0-45A7-B0AD-E36F07043962}
		{18B1D6B9-AEBC-4169-9E1A-F34A18981B13} = {19F8436E-0A56-40CA-B404-24C1C204FD36}
	EndGlobalSection
EndGlobal
